
Microsoft Visual Studio Solution File, Format Version 12.00
# Visual Studio Version 16
VisualStudioVersion = 16.0.31729.503
MinimumVisualStudioVersion = 10.0.40219.1
Project("{FAE04EC0-301F-11D3-BF4B-00C04F79EFBC}") = "LucaciuVlad_An1Set2_Rezolvari2", "LucaciuVlad_An1Set2_Rezolvari2\LucaciuVlad_An1Set2_Rezolvari2.csproj", "{051C4A23-E9CD-4C71-B563-951B7CCED2C3}"
EndProject
Global
	GlobalSection(SolutionConfigurationPlatforms) = preSolution
		Debug|Any CPU = Debug|Any CPU
		Release|Any CPU = Release|Any CPU
	EndGlobalSection
	GlobalSection(ProjectConfigurationPlatforms) = postSolution
		{051C4A23-E9CD-4C71-B563-951B7CCED2C3}.Debug|Any CPU.ActiveCfg = Debug|Any CPU
		{051C4A23-E9CD-4C71-B563-951B7CCED2C3}.Debug|Any CPU.Build.0 = Debug|Any CPU
		{051C4A23-E9CD-4C71-B563-951B7CCED2C3}.Release|Any CPU.ActiveCfg = Release|Any CPU
		{051C4A23-E9CD-4C71-B563-951B7CCED2C3}.Release|Any CPU.Build.0 = Release|Any CPU
	EndGlobalSection
	GlobalSection(SolutionProperties) = preSolution
		HideSolutionNode = FALSE
	EndGlobalSection
	GlobalSection(ExtensibilityGlobals) = postSolution
		SolutionGuid = {C907D5A6-D5D6-4148-AB42-4799CA5540A6}
	EndGlobalSection
EndGlobal
